{
  "meteor": {},
  "dependencies": {
    "basePackages": {
      "spin": {},
      "accounts-ui-bootstrap-3": {},
      "gravatar": {},
      "iron-router": {
        "version": "0.6.4"
      },
      "moment": {},
      "rssfeed": {},
      "flextags": {},
      "phantomjs": {},
      "font-awesome": {},
      "marked": {
        "version": "0.3.1"
      },
      "nvd3js": {},
      "GAnalytics": {},
      "pagedown-bootstrap": {
        "version": "0.0.3"
      },
      "spiderfork": {}
    },
    "packages": {
      "spin": {
        "git": "https://github.com/SachaG/meteor-spin.git",
        "tag": "v0.2.2",
        "commit": "3f655f0016228e4195acc784c45d3e3a247dc39f"
      },
      "accounts-ui-bootstrap-3": {
        "git": "https://github.com/mangasocial/meteor-accounts-ui-bootstrap-3.git",
        "tag": "v0.3.0-1",
        "commit": "93ffa5d0e325dc7026de89f6d90c178fa04bdd3a"
      },
      "gravatar": {
        "git": "https://github.com/tmeasday/meteor-gravatar.git",
        "tag": "v0.0.4",
        "commit": "d1052ff4401725c23fb199c0e0a36e29b926bc22"
      },
      "iron-router": {
        "git": "https://github.com/EventedMind/iron-router.git",
        "tag": "v0.6.4",
        "commit": "927bbaed1b87894fb6fb70807f74ff3a5bd89f29"
      },
      "moment": {
        "git": "https://github.com/acreeger/meteor-moment.git",
        "tag": "v2.5.1",
        "commit": "8c9bc5d3fc96705057737cb9743d555417f6e551"
      },
      "rssfeed": {
        "git": "https://github.com/raix/Meteor-rssfeed.git",
        "tag": "v0.0.4",
        "commit": "e592cda10c553209491aa08c74096fc4ddefe3d7"
      },
      "flextags": {
        "git": "https://github.com/solvers/meteor-tags.git",
        "tag": "v0.1.3",
        "commit": "6d9ec8b846f1c385f00a548c8906973e4e1593d8"
      },
      "phantomjs": {
        "git": "https://github.com/gadicohen/meteor-phantomjs.git",
        "tag": "v0.0.2",
        "commit": "a72eb79af068dd5d5d617ac71a42bd74e0cb52a4"
      },
      "font-awesome": {
        "git": "https://github.com/nate-strauser/meteor-font-awesome.git",
        "tag": "v4.0.3",
        "commit": "61e9361384347547ae144f8228faa4deffda23db"
      },
      "marked": {
        "git": "https://github.com/chuangbo/meteor-marked.git",
        "tag": "v0.3.1",
        "commit": "3d9a9c94793b20e1ee7c807931cb536010d6f820"
      },
      "nvd3js": {
        "git": "https://github.com/ouuyeah/nvd3js.git",
        "tag": "v0.1.0",
        "commit": "89a8c66bb3b35d25900d31195ae0b318e4176ddb"
      },
      "GAnalytics": {
        "git": "https://github.com/datariot/meteor-ganalytics.git",
        "tag": "v0.1.1",
        "commit": "91b19d37687bb2cd7976fb43b482143a53509d7e"
      },
      "pagedown-bootstrap": {
        "git": "https://github.com/Blahah/meteor-pagedown-bootstrap.git",
        "tag": "v0.0.3",
        "commit": "940abd8b0137da751f60b8acdd53b8c5577a2f82"
      },
      "spiderfork": {
        "git": "https://github.com/davedx/spiderfork.git",
        "tag": "v0.0.1",
        "commit": "69e2eace36d05774233167590e17c865a5baa058"
      },
      "crypto-md5": {
        "git": "https://github.com/oortcloud/meteor-crypto-md5.git",
        "tag": "v3.1.2.2",
        "commit": "75bbb3eeace302122d3554a6212a6fe92553fa18"
      },
      "crypto-base": {
        "git": "https://github.com/oortcloud/meteor-crypto-base.git",
        "tag": "v3.1.2.1",
        "commit": "5df8d82a0595553415bbfae2930c6ecbeece5794"
      }
    }
  }
}
